version = 1

[tools.foragers.cargo]
github = "wezel-build/forager_cargo"
tag = "nightly-2026-05-15-6e4f6fe"

[tools.foragers.cargo.assets]
aarch64-apple-darwin = "sha256:65e58b61936fe212441fb827ea85f28e8ad4ad1b71dce7fb1ebff5700791137c"

[tools.foragers.exec]
github = "wezel-build/forager_exec"
tag = "nightly-2026-05-15-75f5f2f"

[tools.foragers.exec.assets]
aarch64-apple-darwin = "sha256:475f8cfe465328b48f5647a6bfbacb5f7210c5d8014d4a6280c2d940528e06d8"

[tools.foragers.filesize]
github = "wezel-build/forager_filesize"
tag = "nightly-2026-05-15-4c16f94"

[tools.foragers.filesize.assets]
aarch64-apple-darwin = "sha256:432e77bac95b1ed99c364b3ed66a16b72ee37f5509224945c583537c3e1b81b6"

[tools.foragers.llvm-lines]
github = "wezel-build/forager_llvm_lines"
tag = "nightly-2026-05-15-8645d95"

[tools.foragers.llvm-lines.assets]
aarch64-apple-darwin = "sha256:f8c9c449f23b80be2277903ec720379c3331bc5fe73bcefce2a0d31d5a59c5f7"
